// !$*UTF8*$!
{
	archiveVersion = 1;
	classes = {
	};
	objectVersion = 56;
	objects = {

/* Begin PBXBuildFile section */
		1858E2332C464F07000AA97A /* ButtonView.swift in Sources */ = {isa = PBXBuildFile; fileRef = 1858E2322C464F07000AA97A /* ButtonView.swift */; };
		1858E2352C46514F000AA97A /* TextFieldView.swift in Sources */ = {isa = PBXBuildFile; fileRef = 1858E2342C46514F000AA97A /* TextFieldView.swift */; };
		1858E2372C465446000AA97A /* PickerView.swift in Sources */ = {isa = PBXBuildFile; fileRef = 1858E2362C465446000AA97A /* PickerView.swift */; };
		1858E2392C465AAB000AA97A /* SliderView.swift in Sources */ = {isa = PBXBuildFile; fileRef = 1858E2382C465AAB000AA97A /* SliderView.swift */; };
		1858E23B2C465D5D000AA97A /* ToggleView.swift in Sources */ = {isa = PBXBuildFile; fileRef = 1858E23A2C465D5D000AA97A /* ToggleView.swift */; };
		1858E23D2C465EAB000AA97A /* DatePickerView.swift in Sources */ = {isa = PBXBuildFile; fileRef = 1858E23C2C465EAB000AA97A /* DatePickerView.swift */; };
		1858E23F2C466224000AA97A /* StepperView.swift in Sources */ = {isa = PBXBuildFile; fileRef = 1858E23E2C466224000AA97A /* StepperView.swift */; };
		189DA5522C463EFA0094B101 /* UserControlCViewApp.swift in Sources */ = {isa = PBXBuildFile; fileRef = 189DA5512C463EFA0094B101 /* UserControlCViewApp.swift */; };
		189DA5542C463EFA0094B101 /* ContentView.swift in Sources */ = {isa = PBXBuildFile; fileRef = 189DA5532C463EFA0094B101 /* ContentView.swift */; };
		189DA5562C463EFB0094B101 /* Assets.xcassets in Resources */ = {isa = PBXBuildFile; fileRef = 189DA5552C463EFB0094B101 /* Assets.xcassets */; };
		189DA5592C463EFB0094B101 /* Preview Assets.xcassets in Resources */ = {isa = PBXBuildFile; fileRef = 189DA5582C463EFB0094B101 /* Preview Assets.xcassets */; };
/* End PBXBuildFile section */

/* Begin PBXFileReference section */
		1858E2322C464F07000AA97A /* ButtonView.swift */ = {isa = PBXFileReference; lastKnownFileType = sourcecode.swift; path = ButtonView.swift; sourceTree = "<group>"; };
		1858E2342C46514F000AA97A /* TextFieldView.swift */ = {isa = PBXFileReference; lastKnownFileType = sourcecode.swift; path = TextFieldView.swift; sourceTree = "<group>"; };
		1858E2362C465446000AA97A /* PickerView.swift */ = {isa = PBXFileReference; lastKnownFileType = sourcecode.swift; path = PickerView.swift; sourceTree = "<group>"; };
		1858E2382C465AAB000AA97A /* SliderView.swift */ = {isa = PBXFileReference; lastKnownFileType = sourcecode.swift; path = SliderView.swift; sourceTree = "<group>"; };
		1858E23A2C465D5D000AA97A /* ToggleView.swift */ = {isa = PBXFileReference; lastKnownFileType = sourcecode.swift; path = ToggleView.swift; sourceTree = "<group>"; };
		1858E23C2C465EAB000AA97A /* DatePickerView.swift */ = {isa = PBXFileReference; lastKnownFileType = sourcecode.swift; path = DatePickerView.swift; sourceTree = "<group>"; };
		1858E23E2C466224000AA97A /* StepperView.swift */ = {isa = PBXFileReference; lastKnownFileType = sourcecode.swift; path = StepperView.swift; sourceTree = "<group>"; };
		189DA54E2C463EFA0094B101 /* UserControlCView.app */ = {isa = PBXFileReference; explicitFileType = wrapper.application; includeInIndex = 0; path = UserControlCView.app; sourceTree = BUILT_PRODUCTS_DIR; };
		189DA5512C463EFA0094B101 /* UserControlCViewApp.swift */ = {isa = PBXFileReference; lastKnownFileType = sourcecode.swift; path = UserControlCViewApp.swift; sourceTree = "<group>"; };
		189DA5532C463EFA0094B101 /* ContentView.swift */ = {isa = PBXFileReference; lastKnownFileType = sourcecode.swift; path = ContentView.swift; sourceTree = "<group>"; };
		189DA5552C463EFB0094B101 /* Assets.xcassets */ = {isa = PBXFileReference; lastKnownFileType = folder.assetcatalog; path = Assets.xcassets; sourceTree = "<group>"; };
		189DA5582C463EFB0094B101 /* Preview Assets.xcassets */ = {isa = PBXFileReference; lastKnownFileType = folder.assetcatalog; path = "Preview Assets.xcassets"; sourceTree = "<group>"; };
/* End PBXFileReference section */

/* Begin PBXFrameworksBuildPhase section */
		189DA54B2C463EFA0094B101 /* Frameworks */ = {
			isa = PBXFrameworksBuildPhase;
			buildActionMask = 2147483647;
			files = (
			);
			runOnlyForDeploymentPostprocessing = 0;
		};
/* End PBXFrameworksBuildPhase section */

/* Begin PBXGroup section */
		189DA5452C463EFA0094B101 = {
			isa = PBXGroup;
			children = (
				189DA5502C463EFA0094B101 /* UserControlCView */,
				189DA54F2C463EFA0094B101 /* Products */,
			);
			sourceTree = "<group>";
		};
		189DA54F2C463EFA0094B101 /* Products */ = {
			isa = PBXGroup;
			children = (
				189DA54E2C463EFA0094B101 /* UserControlCView.app */,
			);
			name = Products;
			sourceTree = "<group>";
		};
		189DA5502C463EFA0094B101 /* UserControlCView */ = {
			isa = PBXGroup;
			children = (
				189DA5512C463EFA0094B101 /* UserControlCViewApp.swift */,
				189DA5532C463EFA0094B101 /* ContentView.swift */,
				189DA5552C463EFB0094B101 /* Assets.xcassets */,
				189DA5572C463EFB0094B101 /* Preview Content */,
				1858E2322C464F07000AA97A /* ButtonView.swift */,
				1858E2342C46514F000AA97A /* TextFieldView.swift */,
				1858E2362C465446000AA97A /* PickerView.swift */,
				1858E2382C465AAB000AA97A /* SliderView.swift */,
				1858E23A2C465D5D000AA97A /* ToggleView.swift */,
				1858E23C2C465EAB000AA97A /* DatePickerView.swift */,
				1858E23E2C466224000AA97A /* StepperView.swift */,
			);
			path = UserControlCView;
			sourceTree = "<group>";
		};
		189DA5572C463EFB0094B101 /* Preview Content */ = {
			isa = PBXGroup;
			children = (
				189DA5582C463EFB0094B101 /* Preview Assets.xcassets */,
			);
			path = "Preview Content";
			sourceTree = "<group>";
		};
/* End PBXGroup section */

/* Begin PBXNativeTarget section */
		189DA54D2C463EFA0094B101 /* UserControlCView */ = {
			isa = PBXNativeTarget;
			buildConfigurationList = 189DA55C2C463EFB0094B101 /* Build configuration list for PBXNativeTarget "UserControlCView" */;
			buildPhases = (
				189DA54A2C463EFA0094B101 /* Sources */,
				189DA54B2C463EFA0094B101 /* Frameworks */,
				189DA54C2C463EFA0094B101 /* Resources */,
			);
			buildRules = (
			);
			dependencies = (
			);
			name = UserControlCView;
			productName = UserControlCView;
			productReference = 189DA54E2C463EFA0094B101 /* UserControlCView.app */;
			productType = "com.apple.product-type.application";
		};
/* End PBXNativeTarget section */

/* Begin PBXProject section */
		189DA5462C463EFA0094B101 /* Project object */ = {
			isa = PBXProject;
			attributes = {
				BuildIndependentTargetsInParallel = 1;
				LastSwiftUpdateCheck = 1540;
				LastUpgradeCheck = 1540;
				TargetAttributes = {
					189DA54D2C463EFA0094B101 = {
						CreatedOnToolsVersion = 15.4;
					};
				};
			};
			buildConfigurationList = 189DA5492C463EFA0094B101 /* Build configuration list for PBXProject "UserControlCView" */;
			compatibilityVersion = "Xcode 14.0";
			developmentRegion = en;
			hasScannedForEncodings = 0;
			knownRegions = (
				en,
				Base,
			);
			mainGroup = 189DA5452C463EFA0094B101;
			productRefGroup = 189DA54F2C463EFA0094B101 /* Products */;
			projectDirPath = "";
			projectRoot = "";
			targets = (
				189DA54D2C463EFA0094B101 /* UserControlCView */,
			);
		};
/* End PBXProject section */

/* Begin PBXResourcesBuildPhase section */
		189DA54C2C463EFA0094B101 /* Resources */ = {
			isa = PBXResourcesBuildPhase;
			buildActionMask = 2147483647;
			files = (
				189DA5592C463EFB0094B101 /* Preview Assets.xcassets in Resources */,
				189DA5562C463EFB0094B101 /* Assets.xcassets in Resources */,
			);
			runOnlyForDeploymentPostprocessing = 0;
		};
/* End PBXResourcesBuildPhase section */

/* Begin PBXSourcesBuildPhase section */
		189DA54A2C463EFA0094B101 /* Sources */ = {
			isa = PBXSourcesBuildPhase;
			buildActionMask = 2147483647;
			files = (
				189DA5542C463EFA0094B101 /* ContentView.swift in Sources */,
				189DA5522C463EFA0094B101 /* UserControlCViewApp.swift in Sources */,
				1858E2352C46514F000AA97A /* TextFieldView.swift in Sources */,
				1858E2392C465AAB000AA97A /* SliderView.swift in Sources */,
				1858E23F2C466224000AA97A /* StepperView.swift in Sources */,
				1858E2372C465446000AA97A /* PickerView.swift in Sources */,
				1858E2332C464F07000AA97A /* ButtonView.swift in Sources */,
				1858E23D2C465EAB000AA97A /* DatePickerView.swift in Sources */,
				1858E23B2C465D5D000AA97A /* ToggleView.swift in Sources */,
			);
			runOnlyForDeploymentPostprocessing = 0;
		};
/* End PBXSourcesBuildPhase section */

/* Begin XCBuildConfiguration section */
		189DA55A2C463EFB0094B101 /* Debug */ = {
			isa = XCBuildConfiguration;
			buildSettings = {
				ALWAYS_SEARCH_USER_PATHS = NO;
				ASSETCATALOG_COMPILER_GENERATE_SWIFT_ASSET_SYMBOL_EXTENSIONS = YES;
				CLANG_ANALYZER_NONNULL = YES;
				CLANG_ANALYZER_NUMBER_OBJECT_CONVERSION = YES_AGGRESSIVE;
				CLANG_CXX_LANGUAGE_STANDARD = "gnu++20";
				CLANG_ENABLE_MODULES = YES;
				CLANG_ENABLE_OBJC_ARC = YES;
				CLANG_ENABLE_OBJC_WEAK = YES;
				CLANG_WARN_BLOCK_CAPTURE_AUTORELEASING = YES;
				CLANG_WARN_BOOL_CONVERSION = YES;
				CLANG_WARN_COMMA = YES;
				CLANG_WARN_CONSTANT_CONVERSION = YES;
				CLANG_WARN_DEPRECATED_OBJC_IMPLEMENTATIONS = YES;
				CLANG_WARN_DIRECT_OBJC_ISA_USAGE = YES_ERROR;
				CLANG_WARN_DOCUMENTATION_COMMENTS = YES;
				CLANG_WARN_EMPTY_BODY = YES;
				CLANG_WARN_ENUM_CONVERSION = YES;
				CLANG_WARN_INFINITE_RECURSION = YES;
				CLANG_WARN_INT_CONVERSION = YES;
				CLANG_WARN_NON_LITERAL_NULL_CONVERSION = YES;
				CLANG_WARN_OBJC_IMPLICIT_RETAIN_SELF = YES;
				CLANG_WARN_OBJC_LITERAL_CONVERSION = YES;
				CLANG_WARN_OBJC_ROOT_CLASS = YES_ERROR;
				CLANG_WARN_QUOTED_INCLUDE_IN_FRAMEWORK_HEADER = YES;
				CLANG_WARN_RANGE_LOOP_ANALYSIS = YES;
				CLANG_WARN_STRICT_PROTOTYPES = YES;
				CLANG_WARN_SUSPICIOUS_MOVE = YES;
				CLANG_WARN_UNGUARDED_AVAILABILITY = YES_AGGRESSIVE;
				CLANG_WARN_UNREACHABLE_CODE = YES;
				CLANG_WARN__DUPLICATE_METHOD_MATCH = YES;
				COPY_PHASE_STRIP = NO;
				DEBUG_INFORMATION_FORMAT = dwarf;
				ENABLE_STRICT_OBJC_MSGSEND = YES;
				ENABLE_TESTABILITY = YES;
				ENABLE_USER_SCRIPT_SANDBOXING = YES;
				GCC_C_LANGUAGE_STANDARD = gnu17;
				GCC_DYNAMIC_NO_PIC = NO;
				GCC_NO_COMMON_BLOCKS = YES;
				GCC_OPTIMIZATION_LEVEL = 0;
				GCC_PREPROCESSOR_DEFINITIONS = (
					"DEBUG=1",
					"$(inherited)",
				);
				GCC_WARN_64_TO_32_BIT_CONVERSION = YES;
				GCC_WARN_ABOUT_RETURN_TYPE = YES_ERROR;
				GCC_WARN_UNDECLARED_SELECTOR = YES;
				GCC_WARN_UNINITIALIZED_AUTOS = YES_AGGRESSIVE;
				GCC_WARN_UNUSED_FUNCTION = YES;
				GCC_WARN_UNUSED_VARIABLE = YES;
				IPHONEOS_DEPLOYMENT_TARGET = 17.5;
				LOCALIZATION_PREFERS_STRING_CATALOGS = YES;
				MTL_ENABLE_DEBUG_INFO = INCLUDE_SOURCE;
				MTL_FAST_MATH = YES;
				ONLY_ACTIVE_ARCH = YES;
				SDKROOT = iphoneos;
				SWIFT_ACTIVE_COMPILATION_CONDITIONS = "DEBUG $(inherited)";
				SWIFT_OPTIMIZATION_LEVEL = "-Onone";
			};
			name = Debug;
		};
		189DA55B2C463EFB0094B101 /* Release */ = {
			isa = XCBuildConfiguration;
			buildSettings = {
				ALWAYS_SEARCH_USER_PATHS = NO;
				ASSETCATALOG_COMPILER_GENERATE_SWIFT_ASSET_SYMBOL_EXTENSIONS = YES;
				CLANG_ANALYZER_NONNULL = YES;
				CLANG_ANALYZER_NUMBER_OBJECT_CONVERSION = YES_AGGRESSIVE;
				CLANG_CXX_LANGUAGE_STANDARD = "gnu++20";
				CLANG_ENABLE_MODULES = YES;
				CLANG_ENABLE_OBJC_ARC = YES;
				CLANG_ENABLE_OBJC_WEAK = YES;
				CLANG_WARN_BLOCK_CAPTURE_AUTORELEASING = YES;
				CLANG_WARN_BOOL_CONVERSION = YES;
				CLANG_WARN_COMMA = YES;
				CLANG_WARN_CONSTANT_CONVERSION = YES;
				CLANG_WARN_DEPRECATED_OBJC_IMPLEMENTATIONS = YES;
				CLANG_WARN_DIRECT_OBJC_ISA_USAGE = YES_ERROR;
				CLANG_WARN_DOCUMENTATION_COMMENTS = YES;
				CLANG_WARN_EMPTY_BODY = YES;
				CLANG_WARN_ENUM_CONVERSION = YES;
				CLANG_WARN_INFINITE_RECURSION = YES;
				CLANG_WARN_INT_CONVERSION = YES;
				CLANG_WARN_NON_LITERAL_NULL_CONVERSION = YES;
				CLANG_WARN_OBJC_IMPLICIT_RETAIN_SELF = YES;
				CLANG_WARN_OBJC_LITERAL_CONVERSION = YES;
				CLANG_WARN_OBJC_ROOT_CLASS = YES_ERROR;
				CLANG_WARN_QUOTED_INCLUDE_IN_FRAMEWORK_HEADER = YES;
				CLANG_WARN_RANGE_LOOP_ANALYSIS = YES;
				CLANG_WARN_STRICT_PROTOTYPES = YES;
				CLANG_WARN_SUSPICIOUS_MOVE = YES;
				CLANG_WARN_UNGUARDED_AVAILABILITY = YES_AGGRESSIVE;
				CLANG_WARN_UNREACHABLE_CODE = YES;
				CLANG_WARN__DUPLICATE_METHOD_MATCH = YES;
				COPY_PHASE_STRIP = NO;
				DEBUG_INFORMATION_FORMAT = "dwarf-with-dsym";
				ENABLE_NS_ASSERTIONS = NO;
				ENABLE_STRICT_OBJC_MSGSEND = YES;
				ENABLE_USER_SCRIPT_SANDBOXING = YES;
				GCC_C_LANGUAGE_STANDARD = gnu17;
				GCC_NO_COMMON_BLOCKS = YES;
				GCC_WARN_64_TO_32_BIT_CONVERSION = YES;
				GCC_WARN_ABOUT_RETURN_TYPE = YES_ERROR;
				GCC_WARN_UNDECLARED_SELECTOR = YES;
				GCC_WARN_UNINITIALIZED_AUTOS = YES_AGGRESSIVE;
				GCC_WARN_UNUSED_FUNCTION = YES;
				GCC_WARN_UNUSED_VARIABLE = YES;
				IPHONEOS_DEPLOYMENT_TARGET = 17.5;
				LOCALIZATION_PREFERS_STRING_CATALOGS = YES;
				MTL_ENABLE_DEBUG_INFO = NO;
				MTL_FAST_MATH = YES;
				SDKROOT = iphoneos;
				SWIFT_COMPILATION_MODE = wholemodule;
				VALIDATE_PRODUCT = YES;
			};
			name = Release;
		};
		189DA55D2C463EFB0094B101 /* Debug */ = {
			isa = XCBuildConfiguration;
			buildSettings = {
				ASSETCATALOG_COMPILER_APPICON_NAME = AppIcon;
				ASSETCATALOG_COMPILER_GLOBAL_ACCENT_COLOR_NAME = AccentColor;
				CODE_SIGN_STYLE = Automatic;
				CURRENT_PROJECT_VERSION = 1;
				DEVELOPMENT_ASSET_PATHS = "\"UserControlCView/Preview Content\"";
				ENABLE_PREVIEWS = YES;
				GENERATE_INFOPLIST_FILE = YES;
				INFOPLIST_KEY_UIApplicationSceneManifest_Generation = YES;
				INFOPLIST_KEY_UIApplicationSupportsIndirectInputEvents = YES;
				INFOPLIST_KEY_UILaunchScreen_Generation = YES;
				INFOPLIST_KEY_UISupportedInterfaceOrientations_iPad = "UIInterfaceOrientationPortrait UIInterfaceOrientationPortraitUpsideDown UIInterfaceOrientationLandscapeLeft UIInterfaceOrientationLandscapeRight";
				INFOPLIST_KEY_UISupportedInterfaceOrientations_iPhone = "UIInterfaceOrientationPortrait UIInterfaceOrientationLandscapeLeft UIInterfaceOrientationLandscapeRight";
				LD_RUNPATH_SEARCH_PATHS = (
					"$(inherited)",
					"@executable_path/Frameworks",
				);
				MARKETING_VERSION = 1.0;
				PRODUCT_BUNDLE_IDENTIFIER = Demo.UserControlCView;
				PRODUCT_NAME = "$(TARGET_NAME)";
				SWIFT_EMIT_LOC_STRINGS = YES;
				SWIFT_VERSION = 5.0;
				TARGETED_DEVICE_FAMILY = "1,2";
			};
			name = Debug;
		};
		189DA55E2C463EFB0094B101 /* Release */ = {
			isa = XCBuildConfiguration;
			buildSettings = {
				ASSETCATALOG_COMPILER_APPICON_NAME = AppIcon;
				ASSETCATALOG_COMPILER_GLOBAL_ACCENT_COLOR_NAME = AccentColor;
				CODE_SIGN_STYLE = Automatic;
				CURRENT_PROJECT_VERSION = 1;
				DEVELOPMENT_ASSET_PATHS = "\"UserControlCView/Preview Content\"";
				ENABLE_PREVIEWS = YES;
				GENERATE_INFOPLIST_FILE = YES;
				INFOPLIST_KEY_UIApplicationSceneManifest_Generation = YES;
				INFOPLIST_KEY_UIApplicationSupportsIndirectInputEvents = YES;
				INFOPLIST_KEY_UILaunchScreen_Generation = YES;
				INFOPLIST_KEY_UISupportedInterfaceOrientations_iPad = "UIInterfaceOrientationPortrait UIInterfaceOrientationPortraitUpsideDown UIInterfaceOrientationLandscapeLeft UIInterfaceOrientationLandscapeRight";
				INFOPLIST_KEY_UISupportedInterfaceOrientations_iPhone = "UIInterfaceOrientationPortrait UIInterfaceOrientationLandscapeLeft UIInterfaceOrientationLandscapeRight";
				LD_RUNPATH_SEARCH_PATHS = (
					"$(inherited)",
					"@executable_path/Frameworks",
				);
				MARKETING_VERSION = 1.0;
				PRODUCT_BUNDLE_IDENTIFIER = Demo.UserControlCView;
				PRODUCT_NAME = "$(TARGET_NAME)";
				SWIFT_EMIT_LOC_STRINGS = YES;
				SWIFT_VERSION = 5.0;
				TARGETED_DEVICE_FAMILY = "1,2";
			};
			name = Release;
		};
/* End XCBuildConfiguration section */

/* Begin XCConfigurationList section */
		189DA5492C463EFA0094B101 /* Build configuration list for PBXProject "UserControlCView" */ = {
			isa = XCConfigurationList;
			buildConfigurations = (
				189DA55A2C463EFB0094B101 /* Debug */,
				189DA55B2C463EFB0094B101 /* Release */,
			);
			defaultConfigurationIsVisible = 0;
			defaultConfigurationName = Release;
		};
		189DA55C2C463EFB0094B101 /* Build configuration list for PBXNativeTarget "UserControlCView" */ = {
			isa = XCConfigurationList;
			buildConfigurations = (
				189DA55D2C463EFB0094B101 /* Debug */,
				189DA55E2C463EFB0094B101 /* Release */,
			);
			defaultConfigurationIsVisible = 0;
			defaultConfigurationName = Release;
		};
/* End XCConfigurationList section */
	};
	rootObject = 189DA5462C463EFA0094B101 /* Project object */;
}
